# This file is automatically @generated by Poetry 1.7.0 and should not be changed by hand.

[[package]]
name = "polars"
version = "0.19.12"
description = "Blazingly fast DataFrame library"
optional = false
python-versions = ">=3.8"
files = [
    {file = "polars-0.19.12-cp38-abi3-macosx_10_12_x86_64.whl", hash = "sha256:c308e501805d9ca256b695fd55974c6267f68e05a98ccd14430071a5f9c97be8"},
    {file = "polars-0.19.12-cp38-abi3-macosx_11_0_arm64.whl", hash = "sha256:9a47da843a425fb4d9aa23f69f6e855f0498cdfb9d35a93c0a5e377594649aac"},
    {file = "polars-0.19.12-cp38-abi3-manylinux_2_17_aarch64.manylinux2014_aarch64.whl", hash = "sha256:0ece4c108c749b213fbba006eb39ffb3703be208121a625369bfe47048d321a0"},
    {file = "polars-0.19.12-cp38-abi3-manylinux_2_17_x86_64.manylinux2014_x86_64.whl", hash = "sha256:69c9e6919a5113c75e059ba773f22ac1ff78d966ab5663f07dc0dc5ff916246c"},
    {file = "polars-0.19.12-cp38-abi3-win_amd64.whl", hash = "sha256:6efbc14c051bfc188c85ead71197ba0bd2fce7e6131061e28e8b280350d37a35"},
    {file = "polars-0.19.12.tar.gz", hash = "sha256:55b16602bcbf91b5ce888d1a588b47fcd9a35221b1a08c5a27cfe6d7cbd81be2"},
]

[package.extras]
adbc = ["adbc_driver_sqlite"]
all = ["polars[adbc,cloudpickle,connectorx,deltalake,fsspec,gevent,matplotlib,numpy,pandas,pyarrow,pydantic,pyiceberg,sqlalchemy,timezone,xlsx2csv,xlsxwriter]"]
cloudpickle = ["cloudpickle"]
connectorx = ["connectorx"]
deltalake = ["deltalake (>=0.10.0)"]
fsspec = ["fsspec"]
gevent = ["gevent"]
matplotlib = ["matplotlib"]
numpy = ["numpy (>=1.16.0)"]
openpyxl = ["openpyxl (>=3.0.0)"]
pandas = ["pandas", "pyarrow (>=7.0.0)"]
pyarrow = ["pyarrow (>=7.0.0)"]
pydantic = ["pydantic"]
pyiceberg = ["pyiceberg (>=0.5.0)"]
pyxlsb = ["pyxlsb (>=1.0)"]
sqlalchemy = ["pandas", "sqlalchemy"]
timezone = ["backports.zoneinfo", "tzdata"]
xlsx2csv = ["xlsx2csv (>=0.8.0)"]
xlsxwriter = ["xlsxwriter"]

[metadata]
lock-version = "2.0"
python-versions = "^3.10"
content-hash = "f4b59d047bc4c41e74ea176072a92c925c3f388a21596c0e9418cd9ca87b543d"
